{
  "name": "ka-ka",
  "version": "0.0.1",
  "lockfileVersion": 1,
  "requires": true,
  "dependencies": {
    "@babel/runtime": {
      "version": "7.14.6",
      "resolved": "https://registry.npmjs.org/@babel/runtime/-/runtime-7.14.6.tgz",
      "integrity": "sha512-/PCB2uJ7oM44tz8YhC4Z/6PeOKXp4K588f+5M3clr1M4zbqztlo0XEfJ2LEzj/FgwfgGcIdl8n7YYjTCI0BYwg==",
      "requires": {
        "regenerator-runtime": "^0.13.4"
      }
    },
    "automation-events": {
      "version": "4.0.2",
      "resolved": "https://registry.npmjs.org/automation-events/-/automation-events-4.0.2.tgz",
      "integrity": "sha512-jqtRJW/7eOZKXzjM5k86gecfJLis9VXTNUK5tPmKC2bx+l7hBbZG8wT9lXvIWJHR6RMdkkyLmhttRFA3De74yw==",
      "requires": {
        "@babel/runtime": "^7.14.5",
        "tslib": "^2.2.0"
      }
    },
    "regenerator-runtime": {
      "version": "0.13.7",
      "resolved": "https://registry.npmjs.org/regenerator-runtime/-/regenerator-runtime-0.13.7.tgz",
      "integrity": "sha512-a54FxoJDIr27pgf7IgeQGxmqUNYrcV338lf/6gH456HZ/PhX+5BcwHXG9ajESmwe6WRO0tAzRUrRmNONWgkrew=="
    },
    "standardized-audio-context": {
      "version": "25.2.8",
      "resolved": "https://registry.npmjs.org/standardized-audio-context/-/standardized-audio-context-25.2.8.tgz",
      "integrity": "sha512-M1DgwBa5O9bGkFQeHjwA/5MI5gkKQzK5zM4agXqrHlHhMHf54BeWSDf7I9vIVPAmkJERYYS9GYShw6q8OWFUsA==",
      "requires": {
        "@babel/runtime": "^7.14.6",
        "automation-events": "^4.0.2",
        "tslib": "^2.3.0"
      }
    },
    "tone": {
      "version": "14.7.77",
      "resolved": "https://registry.npmjs.org/tone/-/tone-14.7.77.tgz",
      "integrity": "sha512-tCfK73IkLHyzoKUvGq47gyDyxiKLFvKiVCOobynGgBB9Dl0NkxTM2p+eRJXyCYrjJwy9Y0XCMqD3uOYsYt2Fdg==",
      "requires": {
        "standardized-audio-context": "^25.1.8",
        "tslib": "^2.0.1"
      }
    },
    "tslib": {
      "version": "2.3.0",
      "resolved": "https://registry.npmjs.org/tslib/-/tslib-2.3.0.tgz",
      "integrity": "sha512-N82ooyxVNm6h1riLCoyS9e3fuJ3AMG2zIZs2Gd1ATcSFjSA23Q0fzjjZeh0jbJvWVDZ0cJT8yaNNaaXHzueNjg=="
    }
  }
}
